// !$*UTF8*$!
{
	archiveVersion = 1;
	classes = {
	};
	objectVersion = 77;
	objects = {

/* Begin PBXBuildFile section */
		1237618FC347EED4021E812A /* Store.swift in Sources */ = {isa = PBXBuildFile; fileRef = 0771CE5600F8F5ED59B7685E /* Store.swift */; };
		1DC07F5CD4010ED487C21965 /* Theme.swift in Sources */ = {isa = PBXBuildFile; fileRef = DEDE133643641A58C2D9125F /* Theme.swift */; };
		41754CBCD8472D5D5CBC51B9 /* BudgetView.swift in Sources */ = {isa = PBXBuildFile; fileRef = 920C3439B7161D7AC44BDC75 /* BudgetView.swift */; };
		564DA9E0C7473950ECC8B701 /* Assets.xcassets in Resources */ = {isa = PBXBuildFile; fileRef = A26D30F274A3F246581CACB7 /* Assets.xcassets */; };
		59C5E78A0C12DA9F9A1E9220 /* NetWorthApp.swift in Sources */ = {isa = PBXBuildFile; fileRef = 052D4EB0D6F345FCDAD08A2A /* NetWorthApp.swift */; };
		D1BAE8037725832BA13A7093 /* DashboardView.swift in Sources */ = {isa = PBXBuildFile; fileRef = E5C336ECE894028812CE277D /* DashboardView.swift */; };
		E0F8B2FE9DB6D6B28658CC17 /* AccountsView.swift in Sources */ = {isa = PBXBuildFile; fileRef = 645D5FE330FEFD8BFE834EF1 /* AccountsView.swift */; };
		E69828B17D51D67E554BEA2B /* ContentView.swift in Sources */ = {isa = PBXBuildFile; fileRef = 8E59236FA863B022086AF86F /* ContentView.swift */; };
/* End PBXBuildFile section */

/* Begin PBXFileReference section */
		052D4EB0D6F345FCDAD08A2A /* NetWorthApp.swift */ = {isa = PBXFileReference; lastKnownFileType = sourcecode.swift; path = NetWorthApp.swift; sourceTree = "<group>"; };
		0771CE5600F8F5ED59B7685E /* Store.swift */ = {isa = PBXFileReference; lastKnownFileType = sourcecode.swift; path = Store.swift; sourceTree = "<group>"; };
		4077785F38ADB87CD3AEE8D7 /* NetWorth.app */ = {isa = PBXFileReference; explicitFileType = wrapper.application; includeInIndex = 0; path = NetWorth.app; sourceTree = BUILT_PRODUCTS_DIR; };
		645D5FE330FEFD8BFE834EF1 /* AccountsView.swift */ = {isa = PBXFileReference; lastKnownFileType = sourcecode.swift; path = AccountsView.swift; sourceTree = "<group>"; };
		8E59236FA863B022086AF86F /* ContentView.swift */ = {isa = PBXFileReference; lastKnownFileType = sourcecode.swift; path = ContentView.swift; sourceTree = "<group>"; };
		920C3439B7161D7AC44BDC75 /* BudgetView.swift */ = {isa = PBXFileReference; lastKnownFileType = sourcecode.swift; path = BudgetView.swift; sourceTree = "<group>"; };
		A26D30F274A3F246581CACB7 /* Assets.xcassets */ = {isa = PBXFileReference; lastKnownFileType = folder.assetcatalog; path = Assets.xcassets; sourceTree = "<group>"; };
		DEDE133643641A58C2D9125F /* Theme.swift */ = {isa = PBXFileReference; lastKnownFileType = sourcecode.swift; path = Theme.swift; sourceTree = "<group>"; };
		E5C336ECE894028812CE277D /* DashboardView.swift */ = {isa = PBXFileReference; lastKnownFileType = sourcecode.swift; path = DashboardView.swift; sourceTree = "<group>"; };
/* End PBXFileReference section */

/* Begin PBXGroup section */
		04078FCD0B62A83ADAF18F1F /* Views */ = {
			isa = PBXGroup;
			children = (
				645D5FE330FEFD8BFE834EF1 /* AccountsView.swift */,
				920C3439B7161D7AC44BDC75 /* BudgetView.swift */,
				E5C336ECE894028812CE277D /* DashboardView.swift */,
			);
			path = Views;
			sourceTree = "<group>";
		};
		1AC346308D58F478F0CF97AC /* NetWorth */ = {
			isa = PBXGroup;
			children = (
				A26D30F274A3F246581CACB7 /* Assets.xcassets */,
				8E59236FA863B022086AF86F /* ContentView.swift */,
				052D4EB0D6F345FCDAD08A2A /* NetWorthApp.swift */,
				0771CE5600F8F5ED59B7685E /* Store.swift */,
				DEDE133643641A58C2D9125F /* Theme.swift */,
				04078FCD0B62A83ADAF18F1F /* Views */,
			);
			path = NetWorth;
			sourceTree = "<group>";
		};
		39D0CFD88BEFCA5BB2123E32 /* Products */ = {
			isa = PBXGroup;
			children = (
				4077785F38ADB87CD3AEE8D7 /* NetWorth.app */,
			);
			name = Products;
			sourceTree = "<group>";
		};
		7FD3A8B4414A1DE21628929E = {
			isa = PBXGroup;
			children = (
				1AC346308D58F478F0CF97AC /* NetWorth */,
				39D0CFD88BEFCA5BB2123E32 /* Products */,
			);
			sourceTree = "<group>";
		};
/* End PBXGroup section */

/* Begin PBXNativeTarget section */
		FE74096AB1E23543AFFAD50C /* NetWorth */ = {
			isa = PBXNativeTarget;
			buildConfigurationList = D064B9F402AD911DA87DE2F1 /* Build configuration list for PBXNativeTarget "NetWorth" */;
			buildPhases = (
				BF886F762FDD122BA6D8FDA9 /* Sources */,
				9E301F35641D5CA40716A617 /* Resources */,
			);
			buildRules = (
			);
			dependencies = (
			);
			name = NetWorth;
			packageProductDependencies = (
			);
			productName = NetWorth;
			productReference = 4077785F38ADB87CD3AEE8D7 /* NetWorth.app */;
			productType = "com.apple.product-type.application";
		};
/* End PBXNativeTarget section */

/* Begin PBXProject section */
		4D1A2DC154AA443F5A8A417A /* Project object */ = {
			isa = PBXProject;
			attributes = {
				BuildIndependentTargetsInParallel = YES;
				LastUpgradeCheck = 1430;
				TargetAttributes = {
					FE74096AB1E23543AFFAD50C = {
						ProvisioningStyle = Automatic;
					};
				};
			};
			buildConfigurationList = 7785B75C6EF732737D7A25F3 /* Build configuration list for PBXProject "NetWorth" */;
			developmentRegion = en;
			hasScannedForEncodings = 0;
			knownRegions = (
				Base,
				en,
			);
			mainGroup = 7FD3A8B4414A1DE21628929E;
			minimizedProjectReferenceProxies = 1;
			preferredProjectObjectVersion = 77;
			productRefGroup = 39D0CFD88BEFCA5BB2123E32 /* Products */;
			projectDirPath = "";
			projectRoot = "";
			targets = (
				FE74096AB1E23543AFFAD50C /* NetWorth */,
			);
		};
/* End PBXProject section */

/* Begin PBXResourcesBuildPhase section */
		9E301F35641D5CA40716A617 /* Resources */ = {
			isa = PBXResourcesBuildPhase;
			buildActionMask = 2147483647;
			files = (
				564DA9E0C7473950ECC8B701 /* Assets.xcassets in Resources */,
			);
			runOnlyForDeploymentPostprocessing = 0;
		};
/* End PBXResourcesBuildPhase section */

/* Begin PBXSourcesBuildPhase section */
		BF886F762FDD122BA6D8FDA9 /* Sources */ = {
			isa = PBXSourcesBuildPhase;
			buildActionMask = 2147483647;
			files = (
				E0F8B2FE9DB6D6B28658CC17 /* AccountsView.swift in Sources */,
				41754CBCD8472D5D5CBC51B9 /* BudgetView.swift in Sources */,
				E69828B17D51D67E554BEA2B /* ContentView.swift in Sources */,
				D1BAE8037725832BA13A7093 /* DashboardView.swift in Sources */,
				59C5E78A0C12DA9F9A1E9220 /* NetWorthApp.swift in Sources */,
				1237618FC347EED4021E812A /* Store.swift in Sources */,
				1DC07F5CD4010ED487C21965 /* Theme.swift in Sources */,
			);
			runOnlyForDeploymentPostprocessing = 0;
		};
/* End PBXSourcesBuildPhase section */

/* Begin XCBuildConfiguration section */
		0CE0B1CC50436F214B30456C /* Debug */ = {
			isa = XCBuildConfiguration;
			buildSettings = {
				ALWAYS_SEARCH_USER_PATHS = NO;
				CLANG_ANALYZER_NONNULL = YES;
				CLANG_ANALYZER_NUMBER_OBJECT_CONVERSION = YES_AGGRESSIVE;
				CLANG_CXX_LANGUAGE_STANDARD = "gnu++14";
				CLANG_CXX_LIBRARY = "libc++";
				CLANG_ENABLE_MODULES = YES;
				CLANG_ENABLE_OBJC_ARC = YES;
				CLANG_ENABLE_OBJC_WEAK = YES;
				CLANG_WARN_BLOCK_CAPTURE_AUTORELEASING = YES;
				CLANG_WARN_BOOL_CONVERSION = YES;
				CLANG_WARN_COMMA = YES;
				CLANG_WARN_CONSTANT_CONVERSION = YES;
				CLANG_WARN_DEPRECATED_OBJC_IMPLEMENTATIONS = YES;
				CLANG_WARN_DIRECT_OBJC_ISA_USAGE = YES_ERROR;
				CLANG_WARN_DOCUMENTATION_COMMENTS = YES;
				CLANG_WARN_EMPTY_BODY = YES;
				CLANG_WARN_ENUM_CONVERSION = YES;
				CLANG_WARN_INFINITE_RECURSION = YES;
				CLANG_WARN_INT_CONVERSION = YES;
				CLANG_WARN_NON_LITERAL_NULL_CONVERSION = YES;
				CLANG_WARN_OBJC_IMPLICIT_RETAIN_SELF = YES;
				CLANG_WARN_OBJC_LITERAL_CONVERSION = YES;
				CLANG_WARN_OBJC_ROOT_CLASS = YES_ERROR;
				CLANG_WARN_QUOTED_INCLUDE_IN_FRAMEWORK_HEADER = YES;
				CLANG_WARN_RANGE_LOOP_ANALYSIS = YES;
				CLANG_WARN_STRICT_PROTOTYPES = YES;
				CLANG_WARN_SUSPICIOUS_MOVE = YES;
				CLANG_WARN_UNGUARDED_AVAILABILITY = YES_AGGRESSIVE;
				CLANG_WARN_UNREACHABLE_CODE = YES;
				CLANG_WARN__DUPLICATE_METHOD_MATCH = YES;
				CODE_SIGN_IDENTITY = "-";
				CODE_SIGN_STYLE = Automatic;
				COPY_PHASE_STRIP = NO;
				CURRENT_PROJECT_VERSION = 1;
				DEBUG_INFORMATION_FORMAT = dwarf;
				ENABLE_HARDENED_RUNTIME = YES;
				ENABLE_STRICT_OBJC_MSGSEND = YES;
				ENABLE_TESTABILITY = YES;
				GCC_C_LANGUAGE_STANDARD = gnu11;
				GCC_DYNAMIC_NO_PIC = NO;
				GCC_NO_COMMON_BLOCKS = YES;
				GCC_OPTIMIZATION_LEVEL = 0;
				GCC_PREPROCESSOR_DEFINITIONS = (
					"$(inherited)",
					"DEBUG=1",
				);
				GCC_WARN_64_TO_32_BIT_CONVERSION = YES;
				GCC_WARN_ABOUT_RETURN_TYPE = YES_ERROR;
				GCC_WARN_UNDECLARED_SELECTOR = YES;
				GCC_WARN_UNINITIALIZED_AUTOS = YES_AGGRESSIVE;
				GCC_WARN_UNUSED_FUNCTION = YES;
				GCC_WARN_UNUSED_VARIABLE = YES;
				MACOSX_DEPLOYMENT_TARGET = 14.0;
				MARKETING_VERSION = 0.1.0;
				MTL_ENABLE_DEBUG_INFO = INCLUDE_SOURCE;
				MTL_FAST_MATH = YES;
				ONLY_ACTIVE_ARCH = YES;
				PRODUCT_NAME = "$(TARGET_NAME)";
				SDKROOT = macosx;
				SWIFT_ACTIVE_COMPILATION_CONDITIONS = DEBUG;
				SWIFT_OPTIMIZATION_LEVEL = "-Onone";
				SWIFT_VERSION = 5.9;
			};
			name = Debug;
		};
		1344CB342CEB13B8FAC92625 /* Release */ = {
			isa = XCBuildConfiguration;
			buildSettings = {
				ASSETCATALOG_COMPILER_APPICON_NAME = AppIcon;
				ASSETCATALOG_COMPILER_GLOBAL_ACCENT_COLOR_NAME = AccentColor;
				CODE_SIGN_ENTITLEMENTS = NetWorth/NetWorth.entitlements;
				COMBINE_HIDPI_IMAGES = YES;
				ENABLE_PREVIEWS = YES;
				ENABLE_USER_SCRIPT_SANDBOXING = NO;
				GENERATE_INFOPLIST_FILE = NO;
				INFOPLIST_FILE = NetWorth/Info.plist;
				LD_RUNPATH_SEARCH_PATHS = (
					"$(inherited)",
					"@executable_path/../Frameworks",
				);
				PRODUCT_BUNDLE_IDENTIFIER = com.natehoward.networth;
				PRODUCT_NAME = "Net Worth";
				SDKROOT = macosx;
			};
			name = Release;
		};
		61F02CD5B3937EA9FC903208 /* Release */ = {
			isa = XCBuildConfiguration;
			buildSettings = {
				ALWAYS_SEARCH_USER_PATHS = NO;
				CLANG_ANALYZER_NONNULL = YES;
				CLANG_ANALYZER_NUMBER_OBJECT_CONVERSION = YES_AGGRESSIVE;
				CLANG_CXX_LANGUAGE_STANDARD = "gnu++14";
				CLANG_CXX_LIBRARY = "libc++";
				CLANG_ENABLE_MODULES = YES;
				CLANG_ENABLE_OBJC_ARC = YES;
				CLANG_ENABLE_OBJC_WEAK = YES;
				CLANG_WARN_BLOCK_CAPTURE_AUTORELEASING = YES;
				CLANG_WARN_BOOL_CONVERSION = YES;
				CLANG_WARN_COMMA = YES;
				CLANG_WARN_CONSTANT_CONVERSION = YES;
				CLANG_WARN_DEPRECATED_OBJC_IMPLEMENTATIONS = YES;
				CLANG_WARN_DIRECT_OBJC_ISA_USAGE = YES_ERROR;
				CLANG_WARN_DOCUMENTATION_COMMENTS = YES;
				CLANG_WARN_EMPTY_BODY = YES;
				CLANG_WARN_ENUM_CONVERSION = YES;
				CLANG_WARN_INFINITE_RECURSION = YES;
				CLANG_WARN_INT_CONVERSION = YES;
				CLANG_WARN_NON_LITERAL_NULL_CONVERSION = YES;
				CLANG_WARN_OBJC_IMPLICIT_RETAIN_SELF = YES;
				CLANG_WARN_OBJC_LITERAL_CONVERSION = YES;
				CLANG_WARN_OBJC_ROOT_CLASS = YES_ERROR;
				CLANG_WARN_QUOTED_INCLUDE_IN_FRAMEWORK_HEADER = YES;
				CLANG_WARN_RANGE_LOOP_ANALYSIS = YES;
				CLANG_WARN_STRICT_PROTOTYPES = YES;
				CLANG_WARN_SUSPICIOUS_MOVE = YES;
				CLANG_WARN_UNGUARDED_AVAILABILITY = YES_AGGRESSIVE;
				CLANG_WARN_UNREACHABLE_CODE = YES;
				CLANG_WARN__DUPLICATE_METHOD_MATCH = YES;
				CODE_SIGN_IDENTITY = "-";
				CODE_SIGN_STYLE = Automatic;
				COPY_PHASE_STRIP = NO;
				CURRENT_PROJECT_VERSION = 1;
				DEBUG_INFORMATION_FORMAT = "dwarf-with-dsym";
				ENABLE_HARDENED_RUNTIME = YES;
				ENABLE_NS_ASSERTIONS = NO;
				ENABLE_STRICT_OBJC_MSGSEND = YES;
				GCC_C_LANGUAGE_STANDARD = gnu11;
				GCC_NO_COMMON_BLOCKS = YES;
				GCC_WARN_64_TO_32_BIT_CONVERSION = YES;
				GCC_WARN_ABOUT_RETURN_TYPE = YES_ERROR;
				GCC_WARN_UNDECLARED_SELECTOR = YES;
				GCC_WARN_UNINITIALIZED_AUTOS = YES_AGGRESSIVE;
				GCC_WARN_UNUSED_FUNCTION = YES;
				GCC_WARN_UNUSED_VARIABLE = YES;
				MACOSX_DEPLOYMENT_TARGET = 14.0;
				MARKETING_VERSION = 0.1.0;
				MTL_ENABLE_DEBUG_INFO = NO;
				MTL_FAST_MATH = YES;
				PRODUCT_NAME = "$(TARGET_NAME)";
				SDKROOT = macosx;
				SWIFT_COMPILATION_MODE = wholemodule;
				SWIFT_OPTIMIZATION_LEVEL = "-O";
				SWIFT_VERSION = 5.9;
			};
			name = Release;
		};
		ECF07B882A97F1445A8BEA44 /* Debug */ = {
			isa = XCBuildConfiguration;
			buildSettings = {
				ASSETCATALOG_COMPILER_APPICON_NAME = AppIcon;
				ASSETCATALOG_COMPILER_GLOBAL_ACCENT_COLOR_NAME = AccentColor;
				CODE_SIGN_ENTITLEMENTS = NetWorth/NetWorth.entitlements;
				COMBINE_HIDPI_IMAGES = YES;
				ENABLE_PREVIEWS = YES;
				ENABLE_USER_SCRIPT_SANDBOXING = NO;
				GENERATE_INFOPLIST_FILE = NO;
				INFOPLIST_FILE = NetWorth/Info.plist;
				LD_RUNPATH_SEARCH_PATHS = (
					"$(inherited)",
					"@executable_path/../Frameworks",
				);
				PRODUCT_BUNDLE_IDENTIFIER = com.natehoward.networth;
				PRODUCT_NAME = "Net Worth";
				SDKROOT = macosx;
			};
			name = Debug;
		};
/* End XCBuildConfiguration section */

/* Begin XCConfigurationList section */
		7785B75C6EF732737D7A25F3 /* Build configuration list for PBXProject "NetWorth" */ = {
			isa = XCConfigurationList;
			buildConfigurations = (
				0CE0B1CC50436F214B30456C /* Debug */,
				61F02CD5B3937EA9FC903208 /* Release */,
			);
			defaultConfigurationIsVisible = 0;
			defaultConfigurationName = Debug;
		};
		D064B9F402AD911DA87DE2F1 /* Build configuration list for PBXNativeTarget "NetWorth" */ = {
			isa = XCConfigurationList;
			buildConfigurations = (
				ECF07B882A97F1445A8BEA44 /* Debug */,
				1344CB342CEB13B8FAC92625 /* Release */,
			);
			defaultConfigurationIsVisible = 0;
			defaultConfigurationName = Debug;
		};
/* End XCConfigurationList section */
	};
	rootObject = 4D1A2DC154AA443F5A8A417A /* Project object */;
}
