// !$*UTF8*$!
{
	archiveVersion = 1;
	classes = {
	};
	objectVersion = 77;
	objects = {

/* Begin PBXBuildFile section */
		0CE3FA84BC15A8BE5A1A26A2 /* SkillsStore.swift in Sources */ = {isa = PBXBuildFile; fileRef = 140D8457318912438AD24D1E /* SkillsStore.swift */; };
		1107F1F5B84FE8522D00F7A7 /* MemoryStore.swift in Sources */ = {isa = PBXBuildFile; fileRef = 8197BC50462064475AF9A512 /* MemoryStore.swift */; };
		12B03DE3C5BE54E0E052ECA2 /* MCWebView.swift in Sources */ = {isa = PBXBuildFile; fileRef = 74848D02C31317A365E48B43 /* MCWebView.swift */; };
		15D99E913884787D762D037B /* WakeService.swift in Sources */ = {isa = PBXBuildFile; fileRef = 4D2740D4576FD0B5289DD0DD /* WakeService.swift */; };
		38534227EC925836C1E212E0 /* ToolsMac.swift in Sources */ = {isa = PBXBuildFile; fileRef = 3EB3CA1CA39E29C00F78B7A6 /* ToolsMac.swift */; };
		42A435CB633C1657D96391C6 /* FlyingFox in Frameworks */ = {isa = PBXBuildFile; productRef = 217C263A530D302C0760DCF0 /* FlyingFox */; };
		4866FD8F33FD2862C9B370A9 /* HistoryStore.swift in Sources */ = {isa = PBXBuildFile; fileRef = B2DE4617D5CE80440C0640FB /* HistoryStore.swift */; };
		590DE6348DFD9374A2EE02E5 /* SystemStats.swift in Sources */ = {isa = PBXBuildFile; fileRef = D4F05FAF3A547425948C6E02 /* SystemStats.swift */; };
		5F620C90BF8DAEA8E359ED9E /* Assets.xcassets in Resources */ = {isa = PBXBuildFile; fileRef = 22BFCA1A25EDCAC9F2D196EE /* Assets.xcassets */; };
		639F51DEB0EA37CD16F4DC95 /* RemoteServer.swift in Sources */ = {isa = PBXBuildFile; fileRef = 4D1981B583C6838D6CBBE738 /* RemoteServer.swift */; };
		65F9B29BDA8121A3DD8F6D7C /* CommandCenterLauncher.swift in Sources */ = {isa = PBXBuildFile; fileRef = EB2F96A7B99D553AAC06B0BC /* CommandCenterLauncher.swift */; };
		80ECCDE92F8E1A928E20BEA8 /* AgentStore.swift in Sources */ = {isa = PBXBuildFile; fileRef = 2260CDC1AD3728477249B3C1 /* AgentStore.swift */; };
		8731A4DC6F234CFCB44C7280 /* HistoryView.swift in Sources */ = {isa = PBXBuildFile; fileRef = 2F3699A64CF3E575C8CEA078 /* HistoryView.swift */; };
		8D8C3DC6B267C79943FBA686 /* ClaudeClient.swift in Sources */ = {isa = PBXBuildFile; fileRef = 30B4C8B8868649DD3A02CD73 /* ClaudeClient.swift */; };
		8FD7E819BA7644086428FA7F /* VoiceService.swift in Sources */ = {isa = PBXBuildFile; fileRef = 79EAE9521D8BF26B92996975 /* VoiceService.swift */; };
		94DACE647AB78E3413582EEC /* Theme.swift in Sources */ = {isa = PBXBuildFile; fileRef = E78BEA019FA6E8CAF6C1D6C2 /* Theme.swift */; };
		94DDE15830940FC2B11326C2 /* Tools.swift in Sources */ = {isa = PBXBuildFile; fileRef = 804CA82040BD3EFD917126DB /* Tools.swift */; };
		A0E6CC1042BD9568B734BF2E /* OrbView.swift in Sources */ = {isa = PBXBuildFile; fileRef = 242D929DF44B945DEC025184 /* OrbView.swift */; };
		A5A0F5D5381BB46022458A5B /* ClaudeCLIClient.swift in Sources */ = {isa = PBXBuildFile; fileRef = 52B87166D701303E0CB63458 /* ClaudeCLIClient.swift */; };
		A86675508312449EC5CA26C7 /* StatsService.swift in Sources */ = {isa = PBXBuildFile; fileRef = 22B8C48E5803F6C1AD5C1A59 /* StatsService.swift */; };
		AE53A9E1783C4E7A867D6FC6 /* AgentState.swift in Sources */ = {isa = PBXBuildFile; fileRef = B26DE07AA6B933850C50E881 /* AgentState.swift */; };
		AFA50E31F1060775A8428AF5 /* AppDelegate.swift in Sources */ = {isa = PBXBuildFile; fileRef = 96F839F9CA42E5D0321FDCC9 /* AppDelegate.swift */; };
		B15D1955A5D74C02CD8A4837 /* SettingsView.swift in Sources */ = {isa = PBXBuildFile; fileRef = 1759D8DAC0173112D6CDE8BD /* SettingsView.swift */; };
		B528200F0E6F9E31B6CA4A8E /* RemoteProtocol.swift in Sources */ = {isa = PBXBuildFile; fileRef = 43D2FA149FD571844BBC6ADF /* RemoteProtocol.swift */; };
		BE1D8A76134E150C852B868A /* ToolCall.swift in Sources */ = {isa = PBXBuildFile; fileRef = 4CEF99E4974965F32275CF44 /* ToolCall.swift */; };
		C14B732FF49EDA10786A573E /* OllamaClient.swift in Sources */ = {isa = PBXBuildFile; fileRef = 9EC0CAD0E5D1421F2FF993C8 /* OllamaClient.swift */; };
		CAF4D77858DACEEEE1A02F73 /* BriefingService.swift in Sources */ = {isa = PBXBuildFile; fileRef = C0B6A51AE09F644B1A99A0BE /* BriefingService.swift */; };
		D2E5EF86A53EC82D9E77D3F6 /* LogoView.swift in Sources */ = {isa = PBXBuildFile; fileRef = 49A25762C1D925EB5EC3455C /* LogoView.swift */; };
		E058213C1590DB2DDE59C60B /* Profile.swift in Sources */ = {isa = PBXBuildFile; fileRef = 6945C0B34F942E938D9A32D2 /* Profile.swift */; };
		E3272CCC6BBBA8FA3246A71B /* HotkeyService.swift in Sources */ = {isa = PBXBuildFile; fileRef = 2D2723032BD435C34240CDA2 /* HotkeyService.swift */; };
		E3949FBAF9EE3CE96DF052C3 /* UnifiedApp.swift in Sources */ = {isa = PBXBuildFile; fileRef = 6BEED00A01AA00C16A2E4284 /* UnifiedApp.swift */; };
		E4F50402A5862FEDBF8ABFB1 /* ToolFeedView.swift in Sources */ = {isa = PBXBuildFile; fileRef = C1903AA54D10E00A232DBFEE /* ToolFeedView.swift */; };
		EBA969773BCE3915752F1A23 /* RootShell.swift in Sources */ = {isa = PBXBuildFile; fileRef = 53B70434A1421ACCD2CE2946 /* RootShell.swift */; };
		EF3E9EA16AD38DE8EA651EF5 /* Assets.xcassets in Resources */ = {isa = PBXBuildFile; fileRef = FCEE0B760F303524E1182964 /* Assets.xcassets */; };
		F209D5CC25D335AC6E8D9415 /* ChatWindowView.swift in Sources */ = {isa = PBXBuildFile; fileRef = 20C7681065A3E91F15A26C8A /* ChatWindowView.swift */; };
/* End PBXBuildFile section */

/* Begin PBXFileReference section */
		140D8457318912438AD24D1E /* SkillsStore.swift */ = {isa = PBXFileReference; lastKnownFileType = sourcecode.swift; path = SkillsStore.swift; sourceTree = "<group>"; };
		1759D8DAC0173112D6CDE8BD /* SettingsView.swift */ = {isa = PBXFileReference; lastKnownFileType = sourcecode.swift; path = SettingsView.swift; sourceTree = "<group>"; };
		20C7681065A3E91F15A26C8A /* ChatWindowView.swift */ = {isa = PBXFileReference; lastKnownFileType = sourcecode.swift; path = ChatWindowView.swift; sourceTree = "<group>"; };
		2260CDC1AD3728477249B3C1 /* AgentStore.swift */ = {isa = PBXFileReference; lastKnownFileType = sourcecode.swift; path = AgentStore.swift; sourceTree = "<group>"; };
		22B8C48E5803F6C1AD5C1A59 /* StatsService.swift */ = {isa = PBXFileReference; lastKnownFileType = sourcecode.swift; path = StatsService.swift; sourceTree = "<group>"; };
		22BFCA1A25EDCAC9F2D196EE /* Assets.xcassets */ = {isa = PBXFileReference; lastKnownFileType = folder.assetcatalog; path = Assets.xcassets; sourceTree = "<group>"; };
		242D929DF44B945DEC025184 /* OrbView.swift */ = {isa = PBXFileReference; lastKnownFileType = sourcecode.swift; path = OrbView.swift; sourceTree = "<group>"; };
		2D2723032BD435C34240CDA2 /* HotkeyService.swift */ = {isa = PBXFileReference; lastKnownFileType = sourcecode.swift; path = HotkeyService.swift; sourceTree = "<group>"; };
		2F3699A64CF3E575C8CEA078 /* HistoryView.swift */ = {isa = PBXFileReference; lastKnownFileType = sourcecode.swift; path = HistoryView.swift; sourceTree = "<group>"; };
		30B4C8B8868649DD3A02CD73 /* ClaudeClient.swift */ = {isa = PBXFileReference; lastKnownFileType = sourcecode.swift; path = ClaudeClient.swift; sourceTree = "<group>"; };
		3EB3CA1CA39E29C00F78B7A6 /* ToolsMac.swift */ = {isa = PBXFileReference; lastKnownFileType = sourcecode.swift; path = ToolsMac.swift; sourceTree = "<group>"; };
		43D2FA149FD571844BBC6ADF /* RemoteProtocol.swift */ = {isa = PBXFileReference; lastKnownFileType = sourcecode.swift; path = RemoteProtocol.swift; sourceTree = "<group>"; };
		49A25762C1D925EB5EC3455C /* LogoView.swift */ = {isa = PBXFileReference; lastKnownFileType = sourcecode.swift; path = LogoView.swift; sourceTree = "<group>"; };
		4CEF99E4974965F32275CF44 /* ToolCall.swift */ = {isa = PBXFileReference; lastKnownFileType = sourcecode.swift; path = ToolCall.swift; sourceTree = "<group>"; };
		4D1981B583C6838D6CBBE738 /* RemoteServer.swift */ = {isa = PBXFileReference; lastKnownFileType = sourcecode.swift; path = RemoteServer.swift; sourceTree = "<group>"; };
		4D2740D4576FD0B5289DD0DD /* WakeService.swift */ = {isa = PBXFileReference; lastKnownFileType = sourcecode.swift; path = WakeService.swift; sourceTree = "<group>"; };
		52B87166D701303E0CB63458 /* ClaudeCLIClient.swift */ = {isa = PBXFileReference; lastKnownFileType = sourcecode.swift; path = ClaudeCLIClient.swift; sourceTree = "<group>"; };
		53B70434A1421ACCD2CE2946 /* RootShell.swift */ = {isa = PBXFileReference; lastKnownFileType = sourcecode.swift; path = RootShell.swift; sourceTree = "<group>"; };
		6945C0B34F942E938D9A32D2 /* Profile.swift */ = {isa = PBXFileReference; lastKnownFileType = sourcecode.swift; path = Profile.swift; sourceTree = "<group>"; };
		6BEED00A01AA00C16A2E4284 /* UnifiedApp.swift */ = {isa = PBXFileReference; lastKnownFileType = sourcecode.swift; path = UnifiedApp.swift; sourceTree = "<group>"; };
		74848D02C31317A365E48B43 /* MCWebView.swift */ = {isa = PBXFileReference; lastKnownFileType = sourcecode.swift; path = MCWebView.swift; sourceTree = "<group>"; };
		79EAE9521D8BF26B92996975 /* VoiceService.swift */ = {isa = PBXFileReference; lastKnownFileType = sourcecode.swift; path = VoiceService.swift; sourceTree = "<group>"; };
		804CA82040BD3EFD917126DB /* Tools.swift */ = {isa = PBXFileReference; lastKnownFileType = sourcecode.swift; path = Tools.swift; sourceTree = "<group>"; };
		8197BC50462064475AF9A512 /* MemoryStore.swift */ = {isa = PBXFileReference; lastKnownFileType = sourcecode.swift; path = MemoryStore.swift; sourceTree = "<group>"; };
		8A22DF9C906F7668A1C278D1 /* UnifiedOS.app */ = {isa = PBXFileReference; explicitFileType = wrapper.application; includeInIndex = 0; path = UnifiedOS.app; sourceTree = BUILT_PRODUCTS_DIR; };
		96F839F9CA42E5D0321FDCC9 /* AppDelegate.swift */ = {isa = PBXFileReference; lastKnownFileType = sourcecode.swift; path = AppDelegate.swift; sourceTree = "<group>"; };
		9EC0CAD0E5D1421F2FF993C8 /* OllamaClient.swift */ = {isa = PBXFileReference; lastKnownFileType = sourcecode.swift; path = OllamaClient.swift; sourceTree = "<group>"; };
		B26DE07AA6B933850C50E881 /* AgentState.swift */ = {isa = PBXFileReference; lastKnownFileType = sourcecode.swift; path = AgentState.swift; sourceTree = "<group>"; };
		B2DE4617D5CE80440C0640FB /* HistoryStore.swift */ = {isa = PBXFileReference; lastKnownFileType = sourcecode.swift; path = HistoryStore.swift; sourceTree = "<group>"; };
		C0B6A51AE09F644B1A99A0BE /* BriefingService.swift */ = {isa = PBXFileReference; lastKnownFileType = sourcecode.swift; path = BriefingService.swift; sourceTree = "<group>"; };
		C1903AA54D10E00A232DBFEE /* ToolFeedView.swift */ = {isa = PBXFileReference; lastKnownFileType = sourcecode.swift; path = ToolFeedView.swift; sourceTree = "<group>"; };
		D4F05FAF3A547425948C6E02 /* SystemStats.swift */ = {isa = PBXFileReference; lastKnownFileType = sourcecode.swift; path = SystemStats.swift; sourceTree = "<group>"; };
		E78BEA019FA6E8CAF6C1D6C2 /* Theme.swift */ = {isa = PBXFileReference; lastKnownFileType = sourcecode.swift; path = Theme.swift; sourceTree = "<group>"; };
		EB2F96A7B99D553AAC06B0BC /* CommandCenterLauncher.swift */ = {isa = PBXFileReference; lastKnownFileType = sourcecode.swift; path = CommandCenterLauncher.swift; sourceTree = "<group>"; };
		FCEE0B760F303524E1182964 /* Assets.xcassets */ = {isa = PBXFileReference; lastKnownFileType = folder.assetcatalog; path = Assets.xcassets; sourceTree = "<group>"; };
/* End PBXFileReference section */

/* Begin PBXFrameworksBuildPhase section */
		375CE271C985C14B72EC6305 /* Frameworks */ = {
			isa = PBXFrameworksBuildPhase;
			buildActionMask = 2147483647;
			files = (
				42A435CB633C1657D96391C6 /* FlyingFox in Frameworks */,
			);
			runOnlyForDeploymentPostprocessing = 0;
		};
/* End PBXFrameworksBuildPhase section */

/* Begin PBXGroup section */
		4C819511BBC7BF43AC6A6EE3 /* Unified */ = {
			isa = PBXGroup;
			children = (
				22BFCA1A25EDCAC9F2D196EE /* Assets.xcassets */,
				74848D02C31317A365E48B43 /* MCWebView.swift */,
				53B70434A1421ACCD2CE2946 /* RootShell.swift */,
				6BEED00A01AA00C16A2E4284 /* UnifiedApp.swift */,
			);
			path = Unified;
			sourceTree = "<group>";
		};
		512918F5F51464E98409DD0B /* Views */ = {
			isa = PBXGroup;
			children = (
				20C7681065A3E91F15A26C8A /* ChatWindowView.swift */,
				2F3699A64CF3E575C8CEA078 /* HistoryView.swift */,
				49A25762C1D925EB5EC3455C /* LogoView.swift */,
				242D929DF44B945DEC025184 /* OrbView.swift */,
				1759D8DAC0173112D6CDE8BD /* SettingsView.swift */,
				C1903AA54D10E00A232DBFEE /* ToolFeedView.swift */,
			);
			path = Views;
			sourceTree = "<group>";
		};
		524F601C63260DA4C3773F2B /* wt-jarvis */ = {
			isa = PBXGroup;
			children = (
				AA1D71BD2F477D076D9AE580 /* command-center */,
			);
			name = "wt-jarvis";
			path = ..;
			sourceTree = "<group>";
		};
		677AF48C75D62C93685AB49C /* HandsAI */ = {
			isa = PBXGroup;
			children = (
				96F839F9CA42E5D0321FDCC9 /* AppDelegate.swift */,
				FCEE0B760F303524E1182964 /* Assets.xcassets */,
				E78BEA019FA6E8CAF6C1D6C2 /* Theme.swift */,
				B2FDE55ECB04712F696A03F9 /* Models */,
				B2DAB06CA3CE8B95EB1654C8 /* Services */,
				512918F5F51464E98409DD0B /* Views */,
			);
			path = HandsAI;
			sourceTree = "<group>";
		};
		AA1D71BD2F477D076D9AE580 /* command-center */ = {
			isa = PBXGroup;
			children = (
				E4F14020BFE682D12E384BC2 /* hands-ai-mac */,
			);
			path = "command-center";
			sourceTree = "<group>";
		};
		B2DAB06CA3CE8B95EB1654C8 /* Services */ = {
			isa = PBXGroup;
			children = (
				C0B6A51AE09F644B1A99A0BE /* BriefingService.swift */,
				52B87166D701303E0CB63458 /* ClaudeCLIClient.swift */,
				30B4C8B8868649DD3A02CD73 /* ClaudeClient.swift */,
				EB2F96A7B99D553AAC06B0BC /* CommandCenterLauncher.swift */,
				B2DE4617D5CE80440C0640FB /* HistoryStore.swift */,
				2D2723032BD435C34240CDA2 /* HotkeyService.swift */,
				8197BC50462064475AF9A512 /* MemoryStore.swift */,
				9EC0CAD0E5D1421F2FF993C8 /* OllamaClient.swift */,
				4D1981B583C6838D6CBBE738 /* RemoteServer.swift */,
				140D8457318912438AD24D1E /* SkillsStore.swift */,
				22B8C48E5803F6C1AD5C1A59 /* StatsService.swift */,
				804CA82040BD3EFD917126DB /* Tools.swift */,
				3EB3CA1CA39E29C00F78B7A6 /* ToolsMac.swift */,
				79EAE9521D8BF26B92996975 /* VoiceService.swift */,
				4D2740D4576FD0B5289DD0DD /* WakeService.swift */,
			);
			path = Services;
			sourceTree = "<group>";
		};
		B2FDE55ECB04712F696A03F9 /* Models */ = {
			isa = PBXGroup;
			children = (
				B26DE07AA6B933850C50E881 /* AgentState.swift */,
				2260CDC1AD3728477249B3C1 /* AgentStore.swift */,
				6945C0B34F942E938D9A32D2 /* Profile.swift */,
				43D2FA149FD571844BBC6ADF /* RemoteProtocol.swift */,
				D4F05FAF3A547425948C6E02 /* SystemStats.swift */,
				4CEF99E4974965F32275CF44 /* ToolCall.swift */,
			);
			path = Models;
			sourceTree = "<group>";
		};
		B7E3D651B6466F10B8F81F55 = {
			isa = PBXGroup;
			children = (
				4C819511BBC7BF43AC6A6EE3 /* Unified */,
				524F601C63260DA4C3773F2B /* wt-jarvis */,
				DFB54176BE87989DEEC84D0C /* Products */,
			);
			sourceTree = "<group>";
		};
		DFB54176BE87989DEEC84D0C /* Products */ = {
			isa = PBXGroup;
			children = (
				8A22DF9C906F7668A1C278D1 /* UnifiedOS.app */,
			);
			name = Products;
			sourceTree = "<group>";
		};
		E4F14020BFE682D12E384BC2 /* hands-ai-mac */ = {
			isa = PBXGroup;
			children = (
				677AF48C75D62C93685AB49C /* HandsAI */,
			);
			path = "hands-ai-mac";
			sourceTree = "<group>";
		};
/* End PBXGroup section */

/* Begin PBXNativeTarget section */
		5CBB0C52403BBA37C3AAB608 /* UnifiedOS */ = {
			isa = PBXNativeTarget;
			buildConfigurationList = 2DF19B35976C0B50B8A05006 /* Build configuration list for PBXNativeTarget "UnifiedOS" */;
			buildPhases = (
				E7E04DD2DF26DA4B2319EB39 /* Sources */,
				FC80FE76601705CFC74B01D4 /* Resources */,
				375CE271C985C14B72EC6305 /* Frameworks */,
			);
			buildRules = (
			);
			dependencies = (
			);
			name = UnifiedOS;
			packageProductDependencies = (
				217C263A530D302C0760DCF0 /* FlyingFox */,
			);
			productName = UnifiedOS;
			productReference = 8A22DF9C906F7668A1C278D1 /* UnifiedOS.app */;
			productType = "com.apple.product-type.application";
		};
/* End PBXNativeTarget section */

/* Begin PBXProject section */
		0C27CD8A15A92C56B7B9B36F /* Project object */ = {
			isa = PBXProject;
			attributes = {
				BuildIndependentTargetsInParallel = YES;
				LastUpgradeCheck = 1430;
				TargetAttributes = {
					5CBB0C52403BBA37C3AAB608 = {
						ProvisioningStyle = Automatic;
					};
				};
			};
			buildConfigurationList = 138137C0261AEE3AC4CF7910 /* Build configuration list for PBXProject "UnifiedOS" */;
			developmentRegion = en;
			hasScannedForEncodings = 0;
			knownRegions = (
				Base,
				en,
			);
			mainGroup = B7E3D651B6466F10B8F81F55;
			minimizedProjectReferenceProxies = 1;
			packageReferences = (
				6FC1651E8E6DF30506884AE5 /* XCRemoteSwiftPackageReference "FlyingFox" */,
			);
			preferredProjectObjectVersion = 77;
			productRefGroup = DFB54176BE87989DEEC84D0C /* Products */;
			projectDirPath = "";
			projectRoot = "";
			targets = (
				5CBB0C52403BBA37C3AAB608 /* UnifiedOS */,
			);
		};
/* End PBXProject section */

/* Begin PBXResourcesBuildPhase section */
		FC80FE76601705CFC74B01D4 /* Resources */ = {
			isa = PBXResourcesBuildPhase;
			buildActionMask = 2147483647;
			files = (
				5F620C90BF8DAEA8E359ED9E /* Assets.xcassets in Resources */,
				EF3E9EA16AD38DE8EA651EF5 /* Assets.xcassets in Resources */,
			);
			runOnlyForDeploymentPostprocessing = 0;
		};
/* End PBXResourcesBuildPhase section */

/* Begin PBXSourcesBuildPhase section */
		E7E04DD2DF26DA4B2319EB39 /* Sources */ = {
			isa = PBXSourcesBuildPhase;
			buildActionMask = 2147483647;
			files = (
				AE53A9E1783C4E7A867D6FC6 /* AgentState.swift in Sources */,
				80ECCDE92F8E1A928E20BEA8 /* AgentStore.swift in Sources */,
				AFA50E31F1060775A8428AF5 /* AppDelegate.swift in Sources */,
				CAF4D77858DACEEEE1A02F73 /* BriefingService.swift in Sources */,
				F209D5CC25D335AC6E8D9415 /* ChatWindowView.swift in Sources */,
				A5A0F5D5381BB46022458A5B /* ClaudeCLIClient.swift in Sources */,
				8D8C3DC6B267C79943FBA686 /* ClaudeClient.swift in Sources */,
				65F9B29BDA8121A3DD8F6D7C /* CommandCenterLauncher.swift in Sources */,
				4866FD8F33FD2862C9B370A9 /* HistoryStore.swift in Sources */,
				8731A4DC6F234CFCB44C7280 /* HistoryView.swift in Sources */,
				E3272CCC6BBBA8FA3246A71B /* HotkeyService.swift in Sources */,
				D2E5EF86A53EC82D9E77D3F6 /* LogoView.swift in Sources */,
				12B03DE3C5BE54E0E052ECA2 /* MCWebView.swift in Sources */,
				1107F1F5B84FE8522D00F7A7 /* MemoryStore.swift in Sources */,
				C14B732FF49EDA10786A573E /* OllamaClient.swift in Sources */,
				A0E6CC1042BD9568B734BF2E /* OrbView.swift in Sources */,
				E058213C1590DB2DDE59C60B /* Profile.swift in Sources */,
				B528200F0E6F9E31B6CA4A8E /* RemoteProtocol.swift in Sources */,
				639F51DEB0EA37CD16F4DC95 /* RemoteServer.swift in Sources */,
				EBA969773BCE3915752F1A23 /* RootShell.swift in Sources */,
				B15D1955A5D74C02CD8A4837 /* SettingsView.swift in Sources */,
				0CE3FA84BC15A8BE5A1A26A2 /* SkillsStore.swift in Sources */,
				A86675508312449EC5CA26C7 /* StatsService.swift in Sources */,
				590DE6348DFD9374A2EE02E5 /* SystemStats.swift in Sources */,
				94DACE647AB78E3413582EEC /* Theme.swift in Sources */,
				BE1D8A76134E150C852B868A /* ToolCall.swift in Sources */,
				E4F50402A5862FEDBF8ABFB1 /* ToolFeedView.swift in Sources */,
				94DDE15830940FC2B11326C2 /* Tools.swift in Sources */,
				38534227EC925836C1E212E0 /* ToolsMac.swift in Sources */,
				E3949FBAF9EE3CE96DF052C3 /* UnifiedApp.swift in Sources */,
				8FD7E819BA7644086428FA7F /* VoiceService.swift in Sources */,
				15D99E913884787D762D037B /* WakeService.swift in Sources */,
			);
			runOnlyForDeploymentPostprocessing = 0;
		};
/* End PBXSourcesBuildPhase section */

/* Begin XCBuildConfiguration section */
		36D0B71C5DD8A50D8B0230BB /* Debug */ = {
			isa = XCBuildConfiguration;
			buildSettings = {
				ALWAYS_SEARCH_USER_PATHS = NO;
				CLANG_ANALYZER_NONNULL = YES;
				CLANG_ANALYZER_NUMBER_OBJECT_CONVERSION = YES_AGGRESSIVE;
				CLANG_CXX_LANGUAGE_STANDARD = "gnu++14";
				CLANG_CXX_LIBRARY = "libc++";
				CLANG_ENABLE_MODULES = YES;
				CLANG_ENABLE_OBJC_ARC = YES;
				CLANG_ENABLE_OBJC_WEAK = YES;
				CLANG_WARN_BLOCK_CAPTURE_AUTORELEASING = YES;
				CLANG_WARN_BOOL_CONVERSION = YES;
				CLANG_WARN_COMMA = YES;
				CLANG_WARN_CONSTANT_CONVERSION = YES;
				CLANG_WARN_DEPRECATED_OBJC_IMPLEMENTATIONS = YES;
				CLANG_WARN_DIRECT_OBJC_ISA_USAGE = YES_ERROR;
				CLANG_WARN_DOCUMENTATION_COMMENTS = YES;
				CLANG_WARN_EMPTY_BODY = YES;
				CLANG_WARN_ENUM_CONVERSION = YES;
				CLANG_WARN_INFINITE_RECURSION = YES;
				CLANG_WARN_INT_CONVERSION = YES;
				CLANG_WARN_NON_LITERAL_NULL_CONVERSION = YES;
				CLANG_WARN_OBJC_IMPLICIT_RETAIN_SELF = YES;
				CLANG_WARN_OBJC_LITERAL_CONVERSION = YES;
				CLANG_WARN_OBJC_ROOT_CLASS = YES_ERROR;
				CLANG_WARN_QUOTED_INCLUDE_IN_FRAMEWORK_HEADER = YES;
				CLANG_WARN_RANGE_LOOP_ANALYSIS = YES;
				CLANG_WARN_STRICT_PROTOTYPES = YES;
				CLANG_WARN_SUSPICIOUS_MOVE = YES;
				CLANG_WARN_UNGUARDED_AVAILABILITY = YES_AGGRESSIVE;
				CLANG_WARN_UNREACHABLE_CODE = YES;
				CLANG_WARN__DUPLICATE_METHOD_MATCH = YES;
				CODE_SIGN_IDENTITY = "-";
				CODE_SIGN_STYLE = Automatic;
				COPY_PHASE_STRIP = NO;
				CURRENT_PROJECT_VERSION = 1;
				DEBUG_INFORMATION_FORMAT = dwarf;
				ENABLE_HARDENED_RUNTIME = YES;
				ENABLE_STRICT_OBJC_MSGSEND = YES;
				ENABLE_TESTABILITY = YES;
				GCC_C_LANGUAGE_STANDARD = gnu11;
				GCC_DYNAMIC_NO_PIC = NO;
				GCC_NO_COMMON_BLOCKS = YES;
				GCC_OPTIMIZATION_LEVEL = 0;
				GCC_PREPROCESSOR_DEFINITIONS = (
					"$(inherited)",
					"DEBUG=1",
				);
				GCC_WARN_64_TO_32_BIT_CONVERSION = YES;
				GCC_WARN_ABOUT_RETURN_TYPE = YES_ERROR;
				GCC_WARN_UNDECLARED_SELECTOR = YES;
				GCC_WARN_UNINITIALIZED_AUTOS = YES_AGGRESSIVE;
				GCC_WARN_UNUSED_FUNCTION = YES;
				GCC_WARN_UNUSED_VARIABLE = YES;
				MACOSX_DEPLOYMENT_TARGET = 14.0;
				MARKETING_VERSION = 0.1.0;
				MTL_ENABLE_DEBUG_INFO = INCLUDE_SOURCE;
				MTL_FAST_MATH = YES;
				ONLY_ACTIVE_ARCH = YES;
				PRODUCT_NAME = "$(TARGET_NAME)";
				SDKROOT = macosx;
				SWIFT_ACTIVE_COMPILATION_CONDITIONS = DEBUG;
				SWIFT_OPTIMIZATION_LEVEL = "-Onone";
				SWIFT_VERSION = 5.9;
			};
			name = Debug;
		};
		49598528D46B3619B1AF3DE6 /* Release */ = {
			isa = XCBuildConfiguration;
			buildSettings = {
				ASSETCATALOG_COMPILER_APPICON_NAME = AppIcon;
				ASSETCATALOG_COMPILER_GLOBAL_ACCENT_COLOR_NAME = AccentColor;
				CODE_SIGN_ENTITLEMENTS = Unified/Unified.entitlements;
				COMBINE_HIDPI_IMAGES = YES;
				ENABLE_PREVIEWS = YES;
				ENABLE_USER_SCRIPT_SANDBOXING = NO;
				GENERATE_INFOPLIST_FILE = NO;
				INFOPLIST_FILE = Unified/Info.plist;
				LD_RUNPATH_SEARCH_PATHS = (
					"$(inherited)",
					"@executable_path/../Frameworks",
				);
				PRODUCT_BUNDLE_IDENTIFIER = com.natehoward.unifiedos;
				PRODUCT_NAME = "Unified OS";
				SDKROOT = macosx;
			};
			name = Release;
		};
		A66811C275C0E16ACF3A48D7 /* Debug */ = {
			isa = XCBuildConfiguration;
			buildSettings = {
				ASSETCATALOG_COMPILER_APPICON_NAME = AppIcon;
				ASSETCATALOG_COMPILER_GLOBAL_ACCENT_COLOR_NAME = AccentColor;
				CODE_SIGN_ENTITLEMENTS = Unified/Unified.entitlements;
				COMBINE_HIDPI_IMAGES = YES;
				ENABLE_PREVIEWS = YES;
				ENABLE_USER_SCRIPT_SANDBOXING = NO;
				GENERATE_INFOPLIST_FILE = NO;
				INFOPLIST_FILE = Unified/Info.plist;
				LD_RUNPATH_SEARCH_PATHS = (
					"$(inherited)",
					"@executable_path/../Frameworks",
				);
				PRODUCT_BUNDLE_IDENTIFIER = com.natehoward.unifiedos;
				PRODUCT_NAME = "Unified OS";
				SDKROOT = macosx;
			};
			name = Debug;
		};
		DD56E37B67D1738FF9A0E1E6 /* Release */ = {
			isa = XCBuildConfiguration;
			buildSettings = {
				ALWAYS_SEARCH_USER_PATHS = NO;
				CLANG_ANALYZER_NONNULL = YES;
				CLANG_ANALYZER_NUMBER_OBJECT_CONVERSION = YES_AGGRESSIVE;
				CLANG_CXX_LANGUAGE_STANDARD = "gnu++14";
				CLANG_CXX_LIBRARY = "libc++";
				CLANG_ENABLE_MODULES = YES;
				CLANG_ENABLE_OBJC_ARC = YES;
				CLANG_ENABLE_OBJC_WEAK = YES;
				CLANG_WARN_BLOCK_CAPTURE_AUTORELEASING = YES;
				CLANG_WARN_BOOL_CONVERSION = YES;
				CLANG_WARN_COMMA = YES;
				CLANG_WARN_CONSTANT_CONVERSION = YES;
				CLANG_WARN_DEPRECATED_OBJC_IMPLEMENTATIONS = YES;
				CLANG_WARN_DIRECT_OBJC_ISA_USAGE = YES_ERROR;
				CLANG_WARN_DOCUMENTATION_COMMENTS = YES;
				CLANG_WARN_EMPTY_BODY = YES;
				CLANG_WARN_ENUM_CONVERSION = YES;
				CLANG_WARN_INFINITE_RECURSION = YES;
				CLANG_WARN_INT_CONVERSION = YES;
				CLANG_WARN_NON_LITERAL_NULL_CONVERSION = YES;
				CLANG_WARN_OBJC_IMPLICIT_RETAIN_SELF = YES;
				CLANG_WARN_OBJC_LITERAL_CONVERSION = YES;
				CLANG_WARN_OBJC_ROOT_CLASS = YES_ERROR;
				CLANG_WARN_QUOTED_INCLUDE_IN_FRAMEWORK_HEADER = YES;
				CLANG_WARN_RANGE_LOOP_ANALYSIS = YES;
				CLANG_WARN_STRICT_PROTOTYPES = YES;
				CLANG_WARN_SUSPICIOUS_MOVE = YES;
				CLANG_WARN_UNGUARDED_AVAILABILITY = YES_AGGRESSIVE;
				CLANG_WARN_UNREACHABLE_CODE = YES;
				CLANG_WARN__DUPLICATE_METHOD_MATCH = YES;
				CODE_SIGN_IDENTITY = "-";
				CODE_SIGN_STYLE = Automatic;
				COPY_PHASE_STRIP = NO;
				CURRENT_PROJECT_VERSION = 1;
				DEBUG_INFORMATION_FORMAT = "dwarf-with-dsym";
				ENABLE_HARDENED_RUNTIME = YES;
				ENABLE_NS_ASSERTIONS = NO;
				ENABLE_STRICT_OBJC_MSGSEND = YES;
				GCC_C_LANGUAGE_STANDARD = gnu11;
				GCC_NO_COMMON_BLOCKS = YES;
				GCC_WARN_64_TO_32_BIT_CONVERSION = YES;
				GCC_WARN_ABOUT_RETURN_TYPE = YES_ERROR;
				GCC_WARN_UNDECLARED_SELECTOR = YES;
				GCC_WARN_UNINITIALIZED_AUTOS = YES_AGGRESSIVE;
				GCC_WARN_UNUSED_FUNCTION = YES;
				GCC_WARN_UNUSED_VARIABLE = YES;
				MACOSX_DEPLOYMENT_TARGET = 14.0;
				MARKETING_VERSION = 0.1.0;
				MTL_ENABLE_DEBUG_INFO = NO;
				MTL_FAST_MATH = YES;
				PRODUCT_NAME = "$(TARGET_NAME)";
				SDKROOT = macosx;
				SWIFT_COMPILATION_MODE = wholemodule;
				SWIFT_OPTIMIZATION_LEVEL = "-O";
				SWIFT_VERSION = 5.9;
			};
			name = Release;
		};
/* End XCBuildConfiguration section */

/* Begin XCConfigurationList section */
		138137C0261AEE3AC4CF7910 /* Build configuration list for PBXProject "UnifiedOS" */ = {
			isa = XCConfigurationList;
			buildConfigurations = (
				36D0B71C5DD8A50D8B0230BB /* Debug */,
				DD56E37B67D1738FF9A0E1E6 /* Release */,
			);
			defaultConfigurationIsVisible = 0;
			defaultConfigurationName = Debug;
		};
		2DF19B35976C0B50B8A05006 /* Build configuration list for PBXNativeTarget "UnifiedOS" */ = {
			isa = XCConfigurationList;
			buildConfigurations = (
				A66811C275C0E16ACF3A48D7 /* Debug */,
				49598528D46B3619B1AF3DE6 /* Release */,
			);
			defaultConfigurationIsVisible = 0;
			defaultConfigurationName = Debug;
		};
/* End XCConfigurationList section */

/* Begin XCRemoteSwiftPackageReference section */
		6FC1651E8E6DF30506884AE5 /* XCRemoteSwiftPackageReference "FlyingFox" */ = {
			isa = XCRemoteSwiftPackageReference;
			repositoryURL = "https://github.com/swhitty/FlyingFox";
			requirement = {
				kind = upToNextMajorVersion;
				minimumVersion = 0.27.1;
			};
		};
/* End XCRemoteSwiftPackageReference section */

/* Begin XCSwiftPackageProductDependency section */
		217C263A530D302C0760DCF0 /* FlyingFox */ = {
			isa = XCSwiftPackageProductDependency;
			package = 6FC1651E8E6DF30506884AE5 /* XCRemoteSwiftPackageReference "FlyingFox" */;
			productName = FlyingFox;
		};
/* End XCSwiftPackageProductDependency section */
	};
	rootObject = 0C27CD8A15A92C56B7B9B36F /* Project object */;
}
